// !$*UTF8*$!
{
	archiveVersion = 1;
	classes = {
	};
	objectVersion = 48;
	objects = {

/* Begin PBXBuildFile section */
		D161D4A31FF2689B0098B859 /* AppDelegate.swift in Sources */ = {isa = PBXBuildFile; fileRef = D161D4A21FF2689B0098B859 /* AppDelegate.swift */; };
		D161D4A51FF2689B0098B859 /* ViewController.swift in Sources */ = {isa = PBXBuildFile; fileRef = D161D4A41FF2689B0098B859 /* ViewController.swift */; };
		D161D4A81FF2689B0098B859 /* Main.storyboard in Resources */ = {isa = PBXBuildFile; fileRef = D161D4A61FF2689B0098B859 /* Main.storyboard */; };
		D161D4AA1FF2689B0098B859 /* Assets.xcassets in Resources */ = {isa = PBXBuildFile; fileRef = D161D4A91FF2689B0098B859 /* Assets.xcassets */; };
		D161D4AD1FF2689B0098B859 /* LaunchScreen.storyboard in Resources */ = {isa = PBXBuildFile; fileRef = D161D4AB1FF2689B0098B859 /* LaunchScreen.storyboard */; };
/* End PBXBuildFile section */

/* Begin PBXFileReference section */
		D161D49F1FF2689B0098B859 /* TmsRead ios about.app */ = {isa = PBXFileReference; explicitFileType = wrapper.application; includeInIndex = 0; path = "TmsRead ios about.app"; sourceTree = BUILT_PRODUCTS_DIR; };
		D161D4A21FF2689B0098B859 /* AppDelegate.swift */ = {isa = PBXFileReference; lastKnownFileType = sourcecode.swift; path = AppDelegate.swift; sourceTree = "<group>"; };
		D161D4A41FF2689B0098B859 /* ViewController.swift */ = {isa = PBXFileReference; lastKnownFileType = sourcecode.swift; path = ViewController.swift; sourceTree = "<group>"; };
		D161D4A71FF2689B0098B859 /* Base */ = {isa = PBXFileReference; lastKnownFileType = file.storyboard; name = Base; path = Base.lproj/Main.storyboard; sourceTree = "<group>"; };
		D161D4A91FF2689B0098B859 /* Assets.xcassets */ = {isa = PBXFileReference; lastKnownFileType = folder.assetcatalog; path = Assets.xcassets; sourceTree = "<group>"; };
		D161D4AC1FF2689B0098B859 /* Base */ = {isa = PBXFileReference; lastKnownFileType = file.storyboard; name = Base; path = Base.lproj/LaunchScreen.storyboard; sourceTree = "<group>"; };
		D161D4AE1FF2689B0098B859 /* Info.plist */ = {isa = PBXFileReference; lastKnownFileType = text.plist.xml; path = Info.plist; sourceTree = "<group>"; };
/* End PBXFileReference section */

/* Begin PBXFrameworksBuildPhase section */
		D161D49C1FF2689B0098B859 /* Frameworks */ = {
			isa = PBXFrameworksBuildPhase;
			buildActionMask = 2147483647;
			files = (
			);
			runOnlyForDeploymentPostprocessing = 0;
		};
/* End PBXFrameworksBuildPhase section */

/* Begin PBXGroup section */
		D161D4961FF2689B0098B859 = {
			isa = PBXGroup;
			children = (
				D161D4A11FF2689B0098B859 /* TmsRead ios about */,
				D161D4A01FF2689B0098B859 /* Products */,
			);
			sourceTree = "<group>";
		};
		D161D4A01FF2689B0098B859 /* Products */ = {
			isa = PBXGroup;
			children = (
				D161D49F1FF2689B0098B859 /* TmsRead ios about.app */,
			);
			name = Products;
			sourceTree = "<group>";
		};
		D161D4A11FF2689B0098B859 /* TmsRead ios about */ = {
			isa = PBXGroup;
			children = (
				D161D4A21FF2689B0098B859 /* AppDelegate.swift */,
				D161D4A41FF2689B0098B859 /* ViewController.swift */,
				D161D4A61FF2689B0098B859 /* Main.storyboard */,
				D161D4A91FF2689B0098B859 /* Assets.xcassets */,
				D161D4AB1FF2689B0098B859 /* LaunchScreen.storyboard */,
				D161D4AE1FF2689B0098B859 /* Info.plist */,
			);
			path = "TmsRead ios about";
			sourceTree = "<group>";
		};
/* End PBXGroup section */

/* Begin PBXNativeTarget section */
		D161D49E1FF2689B0098B859 /* TmsRead ios about */ = {
			isa = PBXNativeTarget;
			buildConfigurationList = D161D4B11FF2689B0098B859 /* Build configuration list for PBXNativeTarget "TmsRead ios about" */;
			buildPhases = (
				D161D49B1FF2689B0098B859 /* Sources */,
				D161D49C1FF2689B0098B859 /* Frameworks */,
				D161D49D1FF2689B0098B859 /* Resources */,
			);
			buildRules = (
			);
			dependencies = (
			);
			name = "TmsRead ios about";
			productName = "TmsRead ios about";
			productReference = D161D49F1FF2689B0098B859 /* TmsRead ios about.app */;
			productType = "com.apple.product-type.application";
		};
/* End PBXNativeTarget section */

/* Begin PBXProject section */
		D161D4971FF2689B0098B859 /* Project object */ = {
			isa = PBXProject;
			attributes = {
				LastSwiftUpdateCheck = 0920;
				LastUpgradeCheck = 0920;
				ORGANIZATIONNAME = "Ong Teng Wee";
				TargetAttributes = {
					D161D49E1FF2689B0098B859 = {
						CreatedOnToolsVersion = 9.2;
						ProvisioningStyle = Automatic;
					};
				};
			};
			buildConfigurationList = D161D49A1FF2689B0098B859 /* Build configuration list for PBXProject "TmsRead ios about" */;
			compatibilityVersion = "Xcode 8.0";
			developmentRegion = en;
			hasScannedForEncodings = 0;
			knownRegions = (
				en,
				Base,
			);
			mainGroup = D161D4961FF2689B0098B859;
			productRefGroup = D161D4A01FF2689B0098B859 /* Products */;
			projectDirPath = "";
			projectRoot = "";
			targets = (
				D161D49E1FF2689B0098B859 /* TmsRead ios about */,
			);
		};
/* End PBXProject section */

/* Begin PBXResourcesBuildPhase section */
		D161D49D1FF2689B0098B859 /* Resources */ = {
			isa = PBXResourcesBuildPhase;
			buildActionMask = 2147483647;
			files = (
				D161D4AD1FF2689B0098B859 /* LaunchScreen.storyboard in Resources */,
				D161D4AA1FF2689B0098B859 /* Assets.xcassets in Resources */,
				D161D4A81FF2689B0098B859 /* Main.storyboard in Resources */,
			);
			runOnlyForDeploymentPostprocessing = 0;
		};
/* End PBXResourcesBuildPhase section */

/* Begin PBXSourcesBuildPhase section */
		D161D49B1FF2689B0098B859 /* Sources */ = {
			isa = PBXSourcesBuildPhase;
			buildActionMask = 2147483647;
			files = (
				D161D4A51FF2689B0098B859 /* ViewController.swift in Sources */,
				D161D4A31FF2689B0098B859 /* AppDelegate.swift in Sources */,
			);
			runOnlyForDeploymentPostprocessing = 0;
		};
/* End PBXSourcesBuildPhase section */

/* Begin PBXVariantGroup section */
		D161D4A61FF2689B0098B859 /* Main.storyboard */ = {
			isa = PBXVariantGroup;
			children = (
				D161D4A71FF2689B0098B859 /* Base */,
			);
			name = Main.storyboard;
			sourceTree = "<group>";
		};
		D161D4AB1FF2689B0098B859 /* LaunchScreen.storyboard */ = {
			isa = PBXVariantGroup;
			children = (
				D161D4AC1FF2689B0098B859 /* Base */,
			);
			name = LaunchScreen.storyboard;
			sourceTree = "<group>";
		};
/* End PBXVariantGroup section */

/* Begin XCBuildConfiguration section */
		D161D4AF1FF2689B0098B859 /* Debug */ = {
			isa = XCBuildConfiguration;
			buildSettings = {
				ALWAYS_SEARCH_USER_PATHS = NO;
				CLANG_ANALYZER_NONNULL = YES;
				CLANG_ANALYZER_NUMBER_OBJECT_CONVERSION = YES_AGGRESSIVE;
				CLANG_CXX_LANGUAGE_STANDARD = "gnu++14";
				CLANG_CXX_LIBRARY = "libc++";
				CLANG_ENABLE_MODULES = YES;
				CLANG_ENABLE_OBJC_ARC = YES;
				CLANG_WARN_BLOCK_CAPTURE_AUTORELEASING = YES;
				CLANG_WARN_BOOL_CONVERSION = YES;
				CLANG_WARN_COMMA = YES;
				CLANG_WARN_CONSTANT_CONVERSION = YES;
				CLANG_WARN_DIRECT_OBJC_ISA_USAGE = YES_ERROR;
				CLANG_WARN_DOCUMENTATION_COMMENTS = YES;
				CLANG_WARN_EMPTY_BODY = YES;
				CLANG_WARN_ENUM_CONVERSION = YES;
				CLANG_WARN_INFINITE_RECURSION = YES;
				CLANG_WARN_INT_CONVERSION = YES;
				CLANG_WARN_NON_LITERAL_NULL_CONVERSION = YES;
				CLANG_WARN_OBJC_LITERAL_CONVERSION = YES;
				CLANG_WARN_OBJC_ROOT_CLASS = YES_ERROR;
				CLANG_WARN_RANGE_LOOP_ANALYSIS = YES;
				CLANG_WARN_STRICT_PROTOTYPES = YES;
				CLANG_WARN_SUSPICIOUS_MOVE = YES;
				CLANG_WARN_UNGUARDED_AVAILABILITY = YES_AGGRESSIVE;
				CLANG_WARN_UNREACHABLE_CODE = YES;
				CLANG_WARN__DUPLICATE_METHOD_MATCH = YES;
				CODE_SIGN_IDENTITY = "iPhone Developer";
				COPY_PHASE_STRIP = NO;
				DEBUG_INFORMATION_FORMAT = dwarf;
				ENABLE_STRICT_OBJC_MSGSEND = YES;
				ENABLE_TESTABILITY = YES;
				GCC_C_LANGUAGE_STANDARD = gnu11;
				GCC_DYNAMIC_NO_PIC = NO;
				GCC_NO_COMMON_BLOCKS = YES;
				GCC_OPTIMIZATION_LEVEL = 0;
				GCC_PREPROCESSOR_DEFINITIONS = (
					"DEBUG=1",
					"$(inherited)",
				);
				GCC_WARN_64_TO_32_BIT_CONVERSION = YES;
				GCC_WARN_ABOUT_RETURN_TYPE = YES_ERROR;
				GCC_WARN_UNDECLARED_SELECTOR = YES;
				GCC_WARN_UNINITIALIZED_AUTOS = YES_AGGRESSIVE;
				GCC_WARN_UNUSED_FUNCTION = YES;
				GCC_WARN_UNUSED_VARIABLE = YES;
				IPHONEOS_DEPLOYMENT_TARGET = 11.2;
				MTL_ENABLE_DEBUG_INFO = YES;
				ONLY_ACTIVE_ARCH = YES;
				SDKROOT = iphoneos;
				SWIFT_ACTIVE_COMPILATION_CONDITIONS = DEBUG;
				SWIFT_OPTIMIZATION_LEVEL = "-Onone";
			};
			name = Debug;
		};
		D161D4B01FF2689B0098B859 /* Release */ = {
			isa = XCBuildConfiguration;
			buildSettings = {
				ALWAYS_SEARCH_USER_PATHS = NO;
				CLANG_ANALYZER_NONNULL = YES;
				CLANG_ANALYZER_NUMBER_OBJECT_CONVERSION = YES_AGGRESSIVE;
				CLANG_CXX_LANGUAGE_STANDARD = "gnu++14";
				CLANG_CXX_LIBRARY = "libc++";
				CLANG_ENABLE_MODULES = YES;
				CLANG_ENABLE_OBJC_ARC = YES;
				CLANG_WARN_BLOCK_CAPTURE_AUTORELEASING = YES;
				CLANG_WARN_BOOL_CONVERSION = YES;
				CLANG_WARN_COMMA = YES;
				CLANG_WARN_CONSTANT_CONVERSION = YES;
				CLANG_WARN_DIRECT_OBJC_ISA_USAGE = YES_ERROR;
				CLANG_WARN_DOCUMENTATION_COMMENTS = YES;
				CLANG_WARN_EMPTY_BODY = YES;
				CLANG_WARN_ENUM_CONVERSION = YES;
				CLANG_WARN_INFINITE_RECURSION = YES;
				CLANG_WARN_INT_CONVERSION = YES;
				CLANG_WARN_NON_LITERAL_NULL_CONVERSION = YES;
				CLANG_WARN_OBJC_LITERAL_CONVERSION = YES;
				CLANG_WARN_OBJC_ROOT_CLASS = YES_ERROR;
				CLANG_WARN_RANGE_LOOP_ANALYSIS = YES;
				CLANG_WARN_STRICT_PROTOTYPES = YES;
				CLANG_WARN_SUSPICIOUS_MOVE = YES;
				CLANG_WARN_UNGUARDED_AVAILABILITY = YES_AGGRESSIVE;
				CLANG_WARN_UNREACHABLE_CODE = YES;
				CLANG_WARN__DUPLICATE_METHOD_MATCH = YES;
				CODE_SIGN_IDENTITY = "iPhone Developer";
				COPY_PHASE_STRIP = NO;
				DEBUG_INFORMATION_FORMAT = "dwarf-with-dsym";
				ENABLE_NS_ASSERTIONS = NO;
				ENABLE_STRICT_OBJC_MSGSEND = YES;
				GCC_C_LANGUAGE_STANDARD = gnu11;
				GCC_NO_COMMON_BLOCKS = YES;
				GCC_WARN_64_TO_32_BIT_CONVERSION = YES;
				GCC_WARN_ABOUT_RETURN_TYPE = YES_ERROR;
				GCC_WARN_UNDECLARED_SELECTOR = YES;
				GCC_WARN_UNINITIALIZED_AUTOS = YES_AGGRESSIVE;
				GCC_WARN_UNUSED_FUNCTION = YES;
				GCC_WARN_UNUSED_VARIABLE = YES;
				IPHONEOS_DEPLOYMENT_TARGET = 11.2;
				MTL_ENABLE_DEBUG_INFO = NO;
				SDKROOT = iphoneos;
				SWIFT_OPTIMIZATION_LEVEL = "-Owholemodule";
				VALIDATE_PRODUCT = YES;
			};
			name = Release;
		};
		D161D4B21FF2689B0098B859 /* Debug */ = {
			isa = XCBuildConfiguration;
			buildSettings = {
				ASSETCATALOG_COMPILER_APPICON_NAME = AppIcon;
				CODE_SIGN_STYLE = Automatic;
				INFOPLIST_FILE = "TmsRead ios about/Info.plist";
				LD_RUNPATH_SEARCH_PATHS = "$(inherited) @executable_path/Frameworks";
				PRODUCT_BUNDLE_IDENTIFIER = "com.example.TmsRead-ios-about";
				PRODUCT_NAME = "$(TARGET_NAME)";
				SWIFT_VERSION = 4.0;
				TARGETED_DEVICE_FAMILY = "1,2";
			};
			name = Debug;
		};
		D161D4B31FF2689B0098B859 /* Release */ = {
			isa = XCBuildConfiguration;
			buildSettings = {
				ASSETCATALOG_COMPILER_APPICON_NAME = AppIcon;
				CODE_SIGN_STYLE = Automatic;
				INFOPLIST_FILE = "TmsRead ios about/Info.plist";
				LD_RUNPATH_SEARCH_PATHS = "$(inherited) @executable_path/Frameworks";
				PRODUCT_BUNDLE_IDENTIFIER = "com.example.TmsRead-ios-about";
				PRODUCT_NAME = "$(TARGET_NAME)";
				SWIFT_VERSION = 4.0;
				TARGETED_DEVICE_FAMILY = "1,2";
			};
			name = Release;
		};
/* End XCBuildConfiguration section */

/* Begin XCConfigurationList section */
		D161D49A1FF2689B0098B859 /* Build configuration list for PBXProject "TmsRead ios about" */ = {
			isa = XCConfigurationList;
			buildConfigurations = (
				D161D4AF1FF2689B0098B859 /* Debug */,
				D161D4B01FF2689B0098B859 /* Release */,
			);
			defaultConfigurationIsVisible = 0;
			defaultConfigurationName = Release;
		};
		D161D4B11FF2689B0098B859 /* Build configuration list for PBXNativeTarget "TmsRead ios about" */ = {
			isa = XCConfigurationList;
			buildConfigurations = (
				D161D4B21FF2689B0098B859 /* Debug */,
				D161D4B31FF2689B0098B859 /* Release */,
			);
			defaultConfigurationIsVisible = 0;
			defaultConfigurationName = Release;
		};
/* End XCConfigurationList section */
	};
	rootObject = D161D4971FF2689B0098B859 /* Project object */;
}
