// !$*UTF8*$!
{
	archiveVersion = 1;
	classes = {
	};
	objectVersion = 48;
	objects = {

/* Begin PBXBuildFile section */
		4DC2DC761FF21AB500C0FA11 /* AppDelegate.swift in Sources */ = {isa = PBXBuildFile; fileRef = 4DC2DC751FF21AB500C0FA11 /* AppDelegate.swift */; };
		4DC2DC781FF21AB500C0FA11 /* ViewController.swift in Sources */ = {isa = PBXBuildFile; fileRef = 4DC2DC771FF21AB500C0FA11 /* ViewController.swift */; };
		4DC2DC7B1FF21AB500C0FA11 /* Main.storyboard in Resources */ = {isa = PBXBuildFile; fileRef = 4DC2DC791FF21AB500C0FA11 /* Main.storyboard */; };
		4DC2DC7D1FF21AB500C0FA11 /* Assets.xcassets in Resources */ = {isa = PBXBuildFile; fileRef = 4DC2DC7C1FF21AB500C0FA11 /* Assets.xcassets */; };
		4DC2DC801FF21AB500C0FA11 /* LaunchScreen.storyboard in Resources */ = {isa = PBXBuildFile; fileRef = 4DC2DC7E1FF21AB500C0FA11 /* LaunchScreen.storyboard */; };
		4DC2DC8B1FF21AB500C0FA11 /* onlyPointsPageTests.swift in Sources */ = {isa = PBXBuildFile; fileRef = 4DC2DC8A1FF21AB500C0FA11 /* onlyPointsPageTests.swift */; };
		4DC2DC961FF21AB500C0FA11 /* onlyPointsPageUITests.swift in Sources */ = {isa = PBXBuildFile; fileRef = 4DC2DC951FF21AB500C0FA11 /* onlyPointsPageUITests.swift */; };
/* End PBXBuildFile section */

/* Begin PBXContainerItemProxy section */
		4DC2DC871FF21AB500C0FA11 /* PBXContainerItemProxy */ = {
			isa = PBXContainerItemProxy;
			containerPortal = 4DC2DC6A1FF21AB500C0FA11 /* Project object */;
			proxyType = 1;
			remoteGlobalIDString = 4DC2DC711FF21AB500C0FA11;
			remoteInfo = onlyPointsPage;
		};
		4DC2DC921FF21AB500C0FA11 /* PBXContainerItemProxy */ = {
			isa = PBXContainerItemProxy;
			containerPortal = 4DC2DC6A1FF21AB500C0FA11 /* Project object */;
			proxyType = 1;
			remoteGlobalIDString = 4DC2DC711FF21AB500C0FA11;
			remoteInfo = onlyPointsPage;
		};
/* End PBXContainerItemProxy section */

/* Begin PBXFileReference section */
		4DC2DC721FF21AB500C0FA11 /* onlyPointsPage.app */ = {isa = PBXFileReference; explicitFileType = wrapper.application; includeInIndex = 0; path = onlyPointsPage.app; sourceTree = BUILT_PRODUCTS_DIR; };
		4DC2DC751FF21AB500C0FA11 /* AppDelegate.swift */ = {isa = PBXFileReference; lastKnownFileType = sourcecode.swift; path = AppDelegate.swift; sourceTree = "<group>"; };
		4DC2DC771FF21AB500C0FA11 /* ViewController.swift */ = {isa = PBXFileReference; lastKnownFileType = sourcecode.swift; path = ViewController.swift; sourceTree = "<group>"; };
		4DC2DC7A1FF21AB500C0FA11 /* Base */ = {isa = PBXFileReference; lastKnownFileType = file.storyboard; name = Base; path = Base.lproj/Main.storyboard; sourceTree = "<group>"; };
		4DC2DC7C1FF21AB500C0FA11 /* Assets.xcassets */ = {isa = PBXFileReference; lastKnownFileType = folder.assetcatalog; path = Assets.xcassets; sourceTree = "<group>"; };
		4DC2DC7F1FF21AB500C0FA11 /* Base */ = {isa = PBXFileReference; lastKnownFileType = file.storyboard; name = Base; path = Base.lproj/LaunchScreen.storyboard; sourceTree = "<group>"; };
		4DC2DC811FF21AB500C0FA11 /* Info.plist */ = {isa = PBXFileReference; lastKnownFileType = text.plist.xml; path = Info.plist; sourceTree = "<group>"; };
		4DC2DC861FF21AB500C0FA11 /* onlyPointsPageTests.xctest */ = {isa = PBXFileReference; explicitFileType = wrapper.cfbundle; includeInIndex = 0; path = onlyPointsPageTests.xctest; sourceTree = BUILT_PRODUCTS_DIR; };
		4DC2DC8A1FF21AB500C0FA11 /* onlyPointsPageTests.swift */ = {isa = PBXFileReference; lastKnownFileType = sourcecode.swift; path = onlyPointsPageTests.swift; sourceTree = "<group>"; };
		4DC2DC8C1FF21AB500C0FA11 /* Info.plist */ = {isa = PBXFileReference; lastKnownFileType = text.plist.xml; path = Info.plist; sourceTree = "<group>"; };
		4DC2DC911FF21AB500C0FA11 /* onlyPointsPageUITests.xctest */ = {isa = PBXFileReference; explicitFileType = wrapper.cfbundle; includeInIndex = 0; path = onlyPointsPageUITests.xctest; sourceTree = BUILT_PRODUCTS_DIR; };
		4DC2DC951FF21AB500C0FA11 /* onlyPointsPageUITests.swift */ = {isa = PBXFileReference; lastKnownFileType = sourcecode.swift; path = onlyPointsPageUITests.swift; sourceTree = "<group>"; };
		4DC2DC971FF21AB500C0FA11 /* Info.plist */ = {isa = PBXFileReference; lastKnownFileType = text.plist.xml; path = Info.plist; sourceTree = "<group>"; };
/* End PBXFileReference section */

/* Begin PBXFrameworksBuildPhase section */
		4DC2DC6F1FF21AB500C0FA11 /* Frameworks */ = {
			isa = PBXFrameworksBuildPhase;
			buildActionMask = 2147483647;
			files = (
			);
			runOnlyForDeploymentPostprocessing = 0;
		};
		4DC2DC831FF21AB500C0FA11 /* Frameworks */ = {
			isa = PBXFrameworksBuildPhase;
			buildActionMask = 2147483647;
			files = (
			);
			runOnlyForDeploymentPostprocessing = 0;
		};
		4DC2DC8E1FF21AB500C0FA11 /* Frameworks */ = {
			isa = PBXFrameworksBuildPhase;
			buildActionMask = 2147483647;
			files = (
			);
			runOnlyForDeploymentPostprocessing = 0;
		};
/* End PBXFrameworksBuildPhase section */

/* Begin PBXGroup section */
		4DC2DC691FF21AB500C0FA11 = {
			isa = PBXGroup;
			children = (
				4DC2DC741FF21AB500C0FA11 /* onlyPointsPage */,
				4DC2DC891FF21AB500C0FA11 /* onlyPointsPageTests */,
				4DC2DC941FF21AB500C0FA11 /* onlyPointsPageUITests */,
				4DC2DC731FF21AB500C0FA11 /* Products */,
			);
			sourceTree = "<group>";
		};
		4DC2DC731FF21AB500C0FA11 /* Products */ = {
			isa = PBXGroup;
			children = (
				4DC2DC721FF21AB500C0FA11 /* onlyPointsPage.app */,
				4DC2DC861FF21AB500C0FA11 /* onlyPointsPageTests.xctest */,
				4DC2DC911FF21AB500C0FA11 /* onlyPointsPageUITests.xctest */,
			);
			name = Products;
			sourceTree = "<group>";
		};
		4DC2DC741FF21AB500C0FA11 /* onlyPointsPage */ = {
			isa = PBXGroup;
			children = (
				4DC2DC751FF21AB500C0FA11 /* AppDelegate.swift */,
				4DC2DC771FF21AB500C0FA11 /* ViewController.swift */,
				4DC2DC791FF21AB500C0FA11 /* Main.storyboard */,
				4DC2DC7C1FF21AB500C0FA11 /* Assets.xcassets */,
				4DC2DC7E1FF21AB500C0FA11 /* LaunchScreen.storyboard */,
				4DC2DC811FF21AB500C0FA11 /* Info.plist */,
			);
			path = onlyPointsPage;
			sourceTree = "<group>";
		};
		4DC2DC891FF21AB500C0FA11 /* onlyPointsPageTests */ = {
			isa = PBXGroup;
			children = (
				4DC2DC8A1FF21AB500C0FA11 /* onlyPointsPageTests.swift */,
				4DC2DC8C1FF21AB500C0FA11 /* Info.plist */,
			);
			path = onlyPointsPageTests;
			sourceTree = "<group>";
		};
		4DC2DC941FF21AB500C0FA11 /* onlyPointsPageUITests */ = {
			isa = PBXGroup;
			children = (
				4DC2DC951FF21AB500C0FA11 /* onlyPointsPageUITests.swift */,
				4DC2DC971FF21AB500C0FA11 /* Info.plist */,
			);
			path = onlyPointsPageUITests;
			sourceTree = "<group>";
		};
/* End PBXGroup section */

/* Begin PBXNativeTarget section */
		4DC2DC711FF21AB500C0FA11 /* onlyPointsPage */ = {
			isa = PBXNativeTarget;
			buildConfigurationList = 4DC2DC9A1FF21AB500C0FA11 /* Build configuration list for PBXNativeTarget "onlyPointsPage" */;
			buildPhases = (
				4DC2DC6E1FF21AB500C0FA11 /* Sources */,
				4DC2DC6F1FF21AB500C0FA11 /* Frameworks */,
				4DC2DC701FF21AB500C0FA11 /* Resources */,
			);
			buildRules = (
			);
			dependencies = (
			);
			name = onlyPointsPage;
			productName = onlyPointsPage;
			productReference = 4DC2DC721FF21AB500C0FA11 /* onlyPointsPage.app */;
			productType = "com.apple.product-type.application";
		};
		4DC2DC851FF21AB500C0FA11 /* onlyPointsPageTests */ = {
			isa = PBXNativeTarget;
			buildConfigurationList = 4DC2DC9D1FF21AB500C0FA11 /* Build configuration list for PBXNativeTarget "onlyPointsPageTests" */;
			buildPhases = (
				4DC2DC821FF21AB500C0FA11 /* Sources */,
				4DC2DC831FF21AB500C0FA11 /* Frameworks */,
				4DC2DC841FF21AB500C0FA11 /* Resources */,
			);
			buildRules = (
			);
			dependencies = (
				4DC2DC881FF21AB500C0FA11 /* PBXTargetDependency */,
			);
			name = onlyPointsPageTests;
			productName = onlyPointsPageTests;
			productReference = 4DC2DC861FF21AB500C0FA11 /* onlyPointsPageTests.xctest */;
			productType = "com.apple.product-type.bundle.unit-test";
		};
		4DC2DC901FF21AB500C0FA11 /* onlyPointsPageUITests */ = {
			isa = PBXNativeTarget;
			buildConfigurationList = 4DC2DCA01FF21AB500C0FA11 /* Build configuration list for PBXNativeTarget "onlyPointsPageUITests" */;
			buildPhases = (
				4DC2DC8D1FF21AB500C0FA11 /* Sources */,
				4DC2DC8E1FF21AB500C0FA11 /* Frameworks */,
				4DC2DC8F1FF21AB500C0FA11 /* Resources */,
			);
			buildRules = (
			);
			dependencies = (
				4DC2DC931FF21AB500C0FA11 /* PBXTargetDependency */,
			);
			name = onlyPointsPageUITests;
			productName = onlyPointsPageUITests;
			productReference = 4DC2DC911FF21AB500C0FA11 /* onlyPointsPageUITests.xctest */;
			productType = "com.apple.product-type.bundle.ui-testing";
		};
/* End PBXNativeTarget section */

/* Begin PBXProject section */
		4DC2DC6A1FF21AB500C0FA11 /* Project object */ = {
			isa = PBXProject;
			attributes = {
				LastSwiftUpdateCheck = 0920;
				LastUpgradeCheck = 0920;
				ORGANIZATIONNAME = "Wei Yuxin";
				TargetAttributes = {
					4DC2DC711FF21AB500C0FA11 = {
						CreatedOnToolsVersion = 9.2;
						ProvisioningStyle = Automatic;
					};
					4DC2DC851FF21AB500C0FA11 = {
						CreatedOnToolsVersion = 9.2;
						ProvisioningStyle = Automatic;
						TestTargetID = 4DC2DC711FF21AB500C0FA11;
					};
					4DC2DC901FF21AB500C0FA11 = {
						CreatedOnToolsVersion = 9.2;
						ProvisioningStyle = Automatic;
						TestTargetID = 4DC2DC711FF21AB500C0FA11;
					};
				};
			};
			buildConfigurationList = 4DC2DC6D1FF21AB500C0FA11 /* Build configuration list for PBXProject "onlyPointsPage" */;
			compatibilityVersion = "Xcode 8.0";
			developmentRegion = en;
			hasScannedForEncodings = 0;
			knownRegions = (
				en,
				Base,
			);
			mainGroup = 4DC2DC691FF21AB500C0FA11;
			productRefGroup = 4DC2DC731FF21AB500C0FA11 /* Products */;
			projectDirPath = "";
			projectRoot = "";
			targets = (
				4DC2DC711FF21AB500C0FA11 /* onlyPointsPage */,
				4DC2DC851FF21AB500C0FA11 /* onlyPointsPageTests */,
				4DC2DC901FF21AB500C0FA11 /* onlyPointsPageUITests */,
			);
		};
/* End PBXProject section */

/* Begin PBXResourcesBuildPhase section */
		4DC2DC701FF21AB500C0FA11 /* Resources */ = {
			isa = PBXResourcesBuildPhase;
			buildActionMask = 2147483647;
			files = (
				4DC2DC801FF21AB500C0FA11 /* LaunchScreen.storyboard in Resources */,
				4DC2DC7D1FF21AB500C0FA11 /* Assets.xcassets in Resources */,
				4DC2DC7B1FF21AB500C0FA11 /* Main.storyboard in Resources */,
			);
			runOnlyForDeploymentPostprocessing = 0;
		};
		4DC2DC841FF21AB500C0FA11 /* Resources */ = {
			isa = PBXResourcesBuildPhase;
			buildActionMask = 2147483647;
			files = (
			);
			runOnlyForDeploymentPostprocessing = 0;
		};
		4DC2DC8F1FF21AB500C0FA11 /* Resources */ = {
			isa = PBXResourcesBuildPhase;
			buildActionMask = 2147483647;
			files = (
			);
			runOnlyForDeploymentPostprocessing = 0;
		};
/* End PBXResourcesBuildPhase section */

/* Begin PBXSourcesBuildPhase section */
		4DC2DC6E1FF21AB500C0FA11 /* Sources */ = {
			isa = PBXSourcesBuildPhase;
			buildActionMask = 2147483647;
			files = (
				4DC2DC781FF21AB500C0FA11 /* ViewController.swift in Sources */,
				4DC2DC761FF21AB500C0FA11 /* AppDelegate.swift in Sources */,
			);
			runOnlyForDeploymentPostprocessing = 0;
		};
		4DC2DC821FF21AB500C0FA11 /* Sources */ = {
			isa = PBXSourcesBuildPhase;
			buildActionMask = 2147483647;
			files = (
				4DC2DC8B1FF21AB500C0FA11 /* onlyPointsPageTests.swift in Sources */,
			);
			runOnlyForDeploymentPostprocessing = 0;
		};
		4DC2DC8D1FF21AB500C0FA11 /* Sources */ = {
			isa = PBXSourcesBuildPhase;
			buildActionMask = 2147483647;
			files = (
				4DC2DC961FF21AB500C0FA11 /* onlyPointsPageUITests.swift in Sources */,
			);
			runOnlyForDeploymentPostprocessing = 0;
		};
/* End PBXSourcesBuildPhase section */

/* Begin PBXTargetDependency section */
		4DC2DC881FF21AB500C0FA11 /* PBXTargetDependency */ = {
			isa = PBXTargetDependency;
			target = 4DC2DC711FF21AB500C0FA11 /* onlyPointsPage */;
			targetProxy = 4DC2DC871FF21AB500C0FA11 /* PBXContainerItemProxy */;
		};
		4DC2DC931FF21AB500C0FA11 /* PBXTargetDependency */ = {
			isa = PBXTargetDependency;
			target = 4DC2DC711FF21AB500C0FA11 /* onlyPointsPage */;
			targetProxy = 4DC2DC921FF21AB500C0FA11 /* PBXContainerItemProxy */;
		};
/* End PBXTargetDependency section */

/* Begin PBXVariantGroup section */
		4DC2DC791FF21AB500C0FA11 /* Main.storyboard */ = {
			isa = PBXVariantGroup;
			children = (
				4DC2DC7A1FF21AB500C0FA11 /* Base */,
			);
			name = Main.storyboard;
			sourceTree = "<group>";
		};
		4DC2DC7E1FF21AB500C0FA11 /* LaunchScreen.storyboard */ = {
			isa = PBXVariantGroup;
			children = (
				4DC2DC7F1FF21AB500C0FA11 /* Base */,
			);
			name = LaunchScreen.storyboard;
			sourceTree = "<group>";
		};
/* End PBXVariantGroup section */

/* Begin XCBuildConfiguration section */
		4DC2DC981FF21AB500C0FA11 /* Debug */ = {
			isa = XCBuildConfiguration;
			buildSettings = {
				ALWAYS_SEARCH_USER_PATHS = NO;
				CLANG_ANALYZER_NONNULL = YES;
				CLANG_ANALYZER_NUMBER_OBJECT_CONVERSION = YES_AGGRESSIVE;
				CLANG_CXX_LANGUAGE_STANDARD = "gnu++14";
				CLANG_CXX_LIBRARY = "libc++";
				CLANG_ENABLE_MODULES = YES;
				CLANG_ENABLE_OBJC_ARC = YES;
				CLANG_WARN_BLOCK_CAPTURE_AUTORELEASING = YES;
				CLANG_WARN_BOOL_CONVERSION = YES;
				CLANG_WARN_COMMA = YES;
				CLANG_WARN_CONSTANT_CONVERSION = YES;
				CLANG_WARN_DIRECT_OBJC_ISA_USAGE = YES_ERROR;
				CLANG_WARN_DOCUMENTATION_COMMENTS = YES;
				CLANG_WARN_EMPTY_BODY = YES;
				CLANG_WARN_ENUM_CONVERSION = YES;
				CLANG_WARN_INFINITE_RECURSION = YES;
				CLANG_WARN_INT_CONVERSION = YES;
				CLANG_WARN_NON_LITERAL_NULL_CONVERSION = YES;
				CLANG_WARN_OBJC_LITERAL_CONVERSION = YES;
				CLANG_WARN_OBJC_ROOT_CLASS = YES_ERROR;
				CLANG_WARN_RANGE_LOOP_ANALYSIS = YES;
				CLANG_WARN_STRICT_PROTOTYPES = YES;
				CLANG_WARN_SUSPICIOUS_MOVE = YES;
				CLANG_WARN_UNGUARDED_AVAILABILITY = YES_AGGRESSIVE;
				CLANG_WARN_UNREACHABLE_CODE = YES;
				CLANG_WARN__DUPLICATE_METHOD_MATCH = YES;
				CODE_SIGN_IDENTITY = "iPhone Developer";
				COPY_PHASE_STRIP = NO;
				DEBUG_INFORMATION_FORMAT = dwarf;
				ENABLE_STRICT_OBJC_MSGSEND = YES;
				ENABLE_TESTABILITY = YES;
				GCC_C_LANGUAGE_STANDARD = gnu11;
				GCC_DYNAMIC_NO_PIC = NO;
				GCC_NO_COMMON_BLOCKS = YES;
				GCC_OPTIMIZATION_LEVEL = 0;
				GCC_PREPROCESSOR_DEFINITIONS = (
					"DEBUG=1",
					"$(inherited)",
				);
				GCC_WARN_64_TO_32_BIT_CONVERSION = YES;
				GCC_WARN_ABOUT_RETURN_TYPE = YES_ERROR;
				GCC_WARN_UNDECLARED_SELECTOR = YES;
				GCC_WARN_UNINITIALIZED_AUTOS = YES_AGGRESSIVE;
				GCC_WARN_UNUSED_FUNCTION = YES;
				GCC_WARN_UNUSED_VARIABLE = YES;
				IPHONEOS_DEPLOYMENT_TARGET = 11.2;
				MTL_ENABLE_DEBUG_INFO = YES;
				ONLY_ACTIVE_ARCH = YES;
				SDKROOT = iphoneos;
				SWIFT_ACTIVE_COMPILATION_CONDITIONS = DEBUG;
				SWIFT_OPTIMIZATION_LEVEL = "-Onone";
			};
			name = Debug;
		};
		4DC2DC991FF21AB500C0FA11 /* Release */ = {
			isa = XCBuildConfiguration;
			buildSettings = {
				ALWAYS_SEARCH_USER_PATHS = NO;
				CLANG_ANALYZER_NONNULL = YES;
				CLANG_ANALYZER_NUMBER_OBJECT_CONVERSION = YES_AGGRESSIVE;
				CLANG_CXX_LANGUAGE_STANDARD = "gnu++14";
				CLANG_CXX_LIBRARY = "libc++";
				CLANG_ENABLE_MODULES = YES;
				CLANG_ENABLE_OBJC_ARC = YES;
				CLANG_WARN_BLOCK_CAPTURE_AUTORELEASING = YES;
				CLANG_WARN_BOOL_CONVERSION = YES;
				CLANG_WARN_COMMA = YES;
				CLANG_WARN_CONSTANT_CONVERSION = YES;
				CLANG_WARN_DIRECT_OBJC_ISA_USAGE = YES_ERROR;
				CLANG_WARN_DOCUMENTATION_COMMENTS = YES;
				CLANG_WARN_EMPTY_BODY = YES;
				CLANG_WARN_ENUM_CONVERSION = YES;
				CLANG_WARN_INFINITE_RECURSION = YES;
				CLANG_WARN_INT_CONVERSION = YES;
				CLANG_WARN_NON_LITERAL_NULL_CONVERSION = YES;
				CLANG_WARN_OBJC_LITERAL_CONVERSION = YES;
				CLANG_WARN_OBJC_ROOT_CLASS = YES_ERROR;
				CLANG_WARN_RANGE_LOOP_ANALYSIS = YES;
				CLANG_WARN_STRICT_PROTOTYPES = YES;
				CLANG_WARN_SUSPICIOUS_MOVE = YES;
				CLANG_WARN_UNGUARDED_AVAILABILITY = YES_AGGRESSIVE;
				CLANG_WARN_UNREACHABLE_CODE = YES;
				CLANG_WARN__DUPLICATE_METHOD_MATCH = YES;
				CODE_SIGN_IDENTITY = "iPhone Developer";
				COPY_PHASE_STRIP = NO;
				DEBUG_INFORMATION_FORMAT = "dwarf-with-dsym";
				ENABLE_NS_ASSERTIONS = NO;
				ENABLE_STRICT_OBJC_MSGSEND = YES;
				GCC_C_LANGUAGE_STANDARD = gnu11;
				GCC_NO_COMMON_BLOCKS = YES;
				GCC_WARN_64_TO_32_BIT_CONVERSION = YES;
				GCC_WARN_ABOUT_RETURN_TYPE = YES_ERROR;
				GCC_WARN_UNDECLARED_SELECTOR = YES;
				GCC_WARN_UNINITIALIZED_AUTOS = YES_AGGRESSIVE;
				GCC_WARN_UNUSED_FUNCTION = YES;
				GCC_WARN_UNUSED_VARIABLE = YES;
				IPHONEOS_DEPLOYMENT_TARGET = 11.2;
				MTL_ENABLE_DEBUG_INFO = NO;
				SDKROOT = iphoneos;
				SWIFT_OPTIMIZATION_LEVEL = "-Owholemodule";
				VALIDATE_PRODUCT = YES;
			};
			name = Release;
		};
		4DC2DC9B1FF21AB500C0FA11 /* Debug */ = {
			isa = XCBuildConfiguration;
			buildSettings = {
				ASSETCATALOG_COMPILER_APPICON_NAME = AppIcon;
				CODE_SIGN_STYLE = Automatic;
				DEVELOPMENT_TEAM = 7JD5J8PHJX;
				INFOPLIST_FILE = onlyPointsPage/Info.plist;
				LD_RUNPATH_SEARCH_PATHS = "$(inherited) @executable_path/Frameworks";
				PRODUCT_BUNDLE_IDENTIFIER = AppRExp.onlyPointsPage;
				PRODUCT_NAME = "$(TARGET_NAME)";
				SWIFT_VERSION = 4.0;
				TARGETED_DEVICE_FAMILY = "1,2";
			};
			name = Debug;
		};
		4DC2DC9C1FF21AB500C0FA11 /* Release */ = {
			isa = XCBuildConfiguration;
			buildSettings = {
				ASSETCATALOG_COMPILER_APPICON_NAME = AppIcon;
				CODE_SIGN_STYLE = Automatic;
				DEVELOPMENT_TEAM = 7JD5J8PHJX;
				INFOPLIST_FILE = onlyPointsPage/Info.plist;
				LD_RUNPATH_SEARCH_PATHS = "$(inherited) @executable_path/Frameworks";
				PRODUCT_BUNDLE_IDENTIFIER = AppRExp.onlyPointsPage;
				PRODUCT_NAME = "$(TARGET_NAME)";
				SWIFT_VERSION = 4.0;
				TARGETED_DEVICE_FAMILY = "1,2";
			};
			name = Release;
		};
		4DC2DC9E1FF21AB500C0FA11 /* Debug */ = {
			isa = XCBuildConfiguration;
			buildSettings = {
				ALWAYS_EMBED_SWIFT_STANDARD_LIBRARIES = YES;
				BUNDLE_LOADER = "$(TEST_HOST)";
				CODE_SIGN_STYLE = Automatic;
				DEVELOPMENT_TEAM = 7JD5J8PHJX;
				INFOPLIST_FILE = onlyPointsPageTests/Info.plist;
				LD_RUNPATH_SEARCH_PATHS = "$(inherited) @executable_path/Frameworks @loader_path/Frameworks";
				PRODUCT_BUNDLE_IDENTIFIER = AppRExp.onlyPointsPageTests;
				PRODUCT_NAME = "$(TARGET_NAME)";
				SWIFT_VERSION = 4.0;
				TARGETED_DEVICE_FAMILY = "1,2";
				TEST_HOST = "$(BUILT_PRODUCTS_DIR)/onlyPointsPage.app/onlyPointsPage";
			};
			name = Debug;
		};
		4DC2DC9F1FF21AB500C0FA11 /* Release */ = {
			isa = XCBuildConfiguration;
			buildSettings = {
				ALWAYS_EMBED_SWIFT_STANDARD_LIBRARIES = YES;
				BUNDLE_LOADER = "$(TEST_HOST)";
				CODE_SIGN_STYLE = Automatic;
				DEVELOPMENT_TEAM = 7JD5J8PHJX;
				INFOPLIST_FILE = onlyPointsPageTests/Info.plist;
				LD_RUNPATH_SEARCH_PATHS = "$(inherited) @executable_path/Frameworks @loader_path/Frameworks";
				PRODUCT_BUNDLE_IDENTIFIER = AppRExp.onlyPointsPageTests;
				PRODUCT_NAME = "$(TARGET_NAME)";
				SWIFT_VERSION = 4.0;
				TARGETED_DEVICE_FAMILY = "1,2";
				TEST_HOST = "$(BUILT_PRODUCTS_DIR)/onlyPointsPage.app/onlyPointsPage";
			};
			name = Release;
		};
		4DC2DCA11FF21AB500C0FA11 /* Debug */ = {
			isa = XCBuildConfiguration;
			buildSettings = {
				ALWAYS_EMBED_SWIFT_STANDARD_LIBRARIES = YES;
				CODE_SIGN_STYLE = Automatic;
				DEVELOPMENT_TEAM = 7JD5J8PHJX;
				INFOPLIST_FILE = onlyPointsPageUITests/Info.plist;
				LD_RUNPATH_SEARCH_PATHS = "$(inherited) @executable_path/Frameworks @loader_path/Frameworks";
				PRODUCT_BUNDLE_IDENTIFIER = AppRExp.onlyPointsPageUITests;
				PRODUCT_NAME = "$(TARGET_NAME)";
				SWIFT_VERSION = 4.0;
				TARGETED_DEVICE_FAMILY = "1,2";
				TEST_TARGET_NAME = onlyPointsPage;
			};
			name = Debug;
		};
		4DC2DCA21FF21AB500C0FA11 /* Release */ = {
			isa = XCBuildConfiguration;
			buildSettings = {
				ALWAYS_EMBED_SWIFT_STANDARD_LIBRARIES = YES;
				CODE_SIGN_STYLE = Automatic;
				DEVELOPMENT_TEAM = 7JD5J8PHJX;
				INFOPLIST_FILE = onlyPointsPageUITests/Info.plist;
				LD_RUNPATH_SEARCH_PATHS = "$(inherited) @executable_path/Frameworks @loader_path/Frameworks";
				PRODUCT_BUNDLE_IDENTIFIER = AppRExp.onlyPointsPageUITests;
				PRODUCT_NAME = "$(TARGET_NAME)";
				SWIFT_VERSION = 4.0;
				TARGETED_DEVICE_FAMILY = "1,2";
				TEST_TARGET_NAME = onlyPointsPage;
			};
			name = Release;
		};
/* End XCBuildConfiguration section */

/* Begin XCConfigurationList section */
		4DC2DC6D1FF21AB500C0FA11 /* Build configuration list for PBXProject "onlyPointsPage" */ = {
			isa = XCConfigurationList;
			buildConfigurations = (
				4DC2DC981FF21AB500C0FA11 /* Debug */,
				4DC2DC991FF21AB500C0FA11 /* Release */,
			);
			defaultConfigurationIsVisible = 0;
			defaultConfigurationName = Release;
		};
		4DC2DC9A1FF21AB500C0FA11 /* Build configuration list for PBXNativeTarget "onlyPointsPage" */ = {
			isa = XCConfigurationList;
			buildConfigurations = (
				4DC2DC9B1FF21AB500C0FA11 /* Debug */,
				4DC2DC9C1FF21AB500C0FA11 /* Release */,
			);
			defaultConfigurationIsVisible = 0;
			defaultConfigurationName = Release;
		};
		4DC2DC9D1FF21AB500C0FA11 /* Build configuration list for PBXNativeTarget "onlyPointsPageTests" */ = {
			isa = XCConfigurationList;
			buildConfigurations = (
				4DC2DC9E1FF21AB500C0FA11 /* Debug */,
				4DC2DC9F1FF21AB500C0FA11 /* Release */,
			);
			defaultConfigurationIsVisible = 0;
			defaultConfigurationName = Release;
		};
		4DC2DCA01FF21AB500C0FA11 /* Build configuration list for PBXNativeTarget "onlyPointsPageUITests" */ = {
			isa = XCConfigurationList;
			buildConfigurations = (
				4DC2DCA11FF21AB500C0FA11 /* Debug */,
				4DC2DCA21FF21AB500C0FA11 /* Release */,
			);
			defaultConfigurationIsVisible = 0;
			defaultConfigurationName = Release;
		};
/* End XCConfigurationList section */
	};
	rootObject = 4DC2DC6A1FF21AB500C0FA11 /* Project object */;
}
